
Microsoft Visual Studio Solution File, Format Version 12.00
# Visual Studio Version 16
VisualStudioVersion = 16.0.31313.79
MinimumVisualStudioVersion = 10.0.40219.1
Project("{FAE04EC0-301F-11D3-BF4B-00C04F79EFBC}") = "TextGameV2", "TextGameV2\TextGameV2.csproj", "{98C0310D-090A-4C86-955B-A1A28CFA0C6A}"
EndProject
Global
	GlobalSection(SolutionConfigurationPlatforms) = preSolution
		Debug|Any CPU = Debug|Any CPU
		Release|Any CPU = Release|Any CPU
	EndGlobalSection
	GlobalSection(ProjectConfigurationPlatforms) = postSolution
		{98C0310D-090A-4C86-955B-A1A28CFA0C6A}.Debug|Any CPU.ActiveCfg = Debug|Any CPU
		{98C0310D-090A-4C86-955B-A1A28CFA0C6A}.Debug|Any CPU.Build.0 = Debug|Any CPU
		{98C0310D-090A-4C86-955B-A1A28CFA0C6A}.Release|Any CPU.ActiveCfg = Release|Any CPU
		{98C0310D-090A-4C86-955B-A1A28CFA0C6A}.Release|Any CPU.Build.0 = Release|Any CPU
	EndGlobalSection
	GlobalSection(SolutionProperties) = preSolution
		HideSolutionNode = FALSE
	EndGlobalSection
	GlobalSection(ExtensibilityGlobals) = postSolution
		SolutionGuid = {293DB781-9A85-4F8A-B23A-6E81FEDA1DCF}
	EndGlobalSection
EndGlobal
